
Microsoft Visual Studio Solution File, Format Version 12.00
# Visual Studio 2013
VisualStudioVersion = 12.0.40629.0
MinimumVisualStudioVersion = 10.0.40219.1
Project("{8BC9CEB8-8B4A-11D0-8D11-00A0C91BC942}") = "LibVideoCap", "LibVideoCap\LibVideoCap.vcxproj", "{69D6F2A5-FC6C-4A79-8A33-22C3F07B9061}"
EndProject
Project("{8BC9CEB8-8B4A-11D0-8D11-00A0C91BC942}") = "cv2ff", "cv2ff\cv2ff.vcxproj", "{43DB5CD7-FA6F-49DD-B16B-427316C4B0D5}"
EndProject
Project("{8BC9CEB8-8B4A-11D0-8D11-00A0C91BC942}") = "videocap_test", "videocap_test\videocap_test.vcxproj", "{BD07AF9D-2BC7-484E-B69B-A70E21D0B04B}"
EndProject
Global
	GlobalSection(SolutionConfigurationPlatforms) = preSolution
		Debug|Mixed Platforms = Debug|Mixed Platforms
		Debug|Win32 = Debug|Win32
		Debug|x64 = Debug|x64
		Release|Mixed Platforms = Release|Mixed Platforms
		Release|Win32 = Release|Win32
		Release|x64 = Release|x64
	EndGlobalSection
	GlobalSection(ProjectConfigurationPlatforms) = postSolution
		{69D6F2A5-FC6C-4A79-8A33-22C3F07B9061}.Debug|Mixed Platforms.ActiveCfg = Debug|Win32
		{69D6F2A5-FC6C-4A79-8A33-22C3F07B9061}.Debug|Mixed Platforms.Build.0 = Debug|Win32
		{69D6F2A5-FC6C-4A79-8A33-22C3F07B9061}.Debug|Win32.ActiveCfg = Debug|Win32
		{69D6F2A5-FC6C-4A79-8A33-22C3F07B9061}.Debug|Win32.Build.0 = Debug|Win32
		{69D6F2A5-FC6C-4A79-8A33-22C3F07B9061}.Debug|x64.ActiveCfg = Debug|x64
		{69D6F2A5-FC6C-4A79-8A33-22C3F07B9061}.Debug|x64.Build.0 = Debug|x64
		{69D6F2A5-FC6C-4A79-8A33-22C3F07B9061}.Release|Mixed Platforms.ActiveCfg = Release|Win32
		{69D6F2A5-FC6C-4A79-8A33-22C3F07B9061}.Release|Mixed Platforms.Build.0 = Release|Win32
		{69D6F2A5-FC6C-4A79-8A33-22C3F07B9061}.Release|Win32.ActiveCfg = Release|Win32
		{69D6F2A5-FC6C-4A79-8A33-22C3F07B9061}.Release|Win32.Build.0 = Release|Win32
		{69D6F2A5-FC6C-4A79-8A33-22C3F07B9061}.Release|x64.ActiveCfg = Release|x64
		{69D6F2A5-FC6C-4A79-8A33-22C3F07B9061}.Release|x64.Build.0 = Release|x64
		{43DB5CD7-FA6F-49DD-B16B-427316C4B0D5}.Debug|Mixed Platforms.ActiveCfg = Debug|Win32
		{43DB5CD7-FA6F-49DD-B16B-427316C4B0D5}.Debug|Mixed Platforms.Build.0 = Debug|Win32
		{43DB5CD7-FA6F-49DD-B16B-427316C4B0D5}.Debug|Win32.ActiveCfg = Debug|Win32
		{43DB5CD7-FA6F-49DD-B16B-427316C4B0D5}.Debug|Win32.Build.0 = Debug|Win32
		{43DB5CD7-FA6F-49DD-B16B-427316C4B0D5}.Debug|x64.ActiveCfg = Debug|x64
		{43DB5CD7-FA6F-49DD-B16B-427316C4B0D5}.Debug|x64.Build.0 = Debug|x64
		{43DB5CD7-FA6F-49DD-B16B-427316C4B0D5}.Release|Mixed Platforms.ActiveCfg = Release|Win32
		{43DB5CD7-FA6F-49DD-B16B-427316C4B0D5}.Release|Mixed Platforms.Build.0 = Release|Win32
		{43DB5CD7-FA6F-49DD-B16B-427316C4B0D5}.Release|Win32.ActiveCfg = Release|Win32
		{43DB5CD7-FA6F-49DD-B16B-427316C4B0D5}.Release|Win32.Build.0 = Release|Win32
		{43DB5CD7-FA6F-49DD-B16B-427316C4B0D5}.Release|x64.ActiveCfg = Release|x64
		{43DB5CD7-FA6F-49DD-B16B-427316C4B0D5}.Release|x64.Build.0 = Release|x64
		{BD07AF9D-2BC7-484E-B69B-A70E21D0B04B}.Debug|Mixed Platforms.ActiveCfg = Debug|Win32
		{BD07AF9D-2BC7-484E-B69B-A70E21D0B04B}.Debug|Mixed Platforms.Build.0 = Debug|Win32
		{BD07AF9D-2BC7-484E-B69B-A70E21D0B04B}.Debug|Win32.ActiveCfg = Debug|Win32
		{BD07AF9D-2BC7-484E-B69B-A70E21D0B04B}.Debug|Win32.Build.0 = Debug|Win32
		{BD07AF9D-2BC7-484E-B69B-A70E21D0B04B}.Debug|x64.ActiveCfg = Debug|x64
		{BD07AF9D-2BC7-484E-B69B-A70E21D0B04B}.Debug|x64.Build.0 = Debug|x64
		{BD07AF9D-2BC7-484E-B69B-A70E21D0B04B}.Release|Mixed Platforms.ActiveCfg = Release|Win32
		{BD07AF9D-2BC7-484E-B69B-A70E21D0B04B}.Release|Mixed Platforms.Build.0 = Release|Win32
		{BD07AF9D-2BC7-484E-B69B-A70E21D0B04B}.Release|Win32.ActiveCfg = Release|Win32
		{BD07AF9D-2BC7-484E-B69B-A70E21D0B04B}.Release|Win32.Build.0 = Release|Win32
		{BD07AF9D-2BC7-484E-B69B-A70E21D0B04B}.Release|x64.ActiveCfg = Release|Win32
	EndGlobalSection
	GlobalSection(SolutionProperties) = preSolution
		HideSolutionNode = FALSE
	EndGlobalSection
EndGlobal
